{
  "pins" : [
    {
      "identity" : "lottie-ios",
      "kind" : "remoteSourceControl",
      "location" : "https://github.com/airbnb/lottie-ios.git",
      "state" : {
        "branch" : "master",
        "revision" : "1007dda17bf5176e1982239b328507715568a0e4"
      }
    }
  ],
  "version" : 2
}
